
Microsoft Visual Studio Solution File, Format Version 12.00
# Visual Studio Version 16
VisualStudioVersion = 16.0.29609.76
MinimumVisualStudioVersion = 10.0.40219.1
Project("{9A19103F-16F7-4668-BE54-9A1E7A4F7556}") = "HackerNews.Api", "HackerNews.Api\HackerNews.Api.csproj", "{7E311291-F63B-4019-BAD2-31179CCDB25A}"
EndProject
Project("{9A19103F-16F7-4668-BE54-9A1E7A4F7556}") = "HackerNews.Domain", "HackerNews.Domain\HackerNews.Domain.csproj", "{6CA8759A-D9D2-4273-B674-D2E253F9833A}"
EndProject
Project("{9A19103F-16F7-4668-BE54-9A1E7A4F7556}") = "HackerNews.Application", "HackerNews.Application\HackerNews.Application.csproj", "{978ADA2F-2115-43E9-B540-517EB5CA5C00}"
EndProject
Project("{9A19103F-16F7-4668-BE54-9A1E7A4F7556}") = "HackerNews.Infrastructure", "HackerNews.Infrastructure\HackerNews.Infrastructure.csproj", "{8F41D5D3-2433-4A7A-9369-E99A50A21218}"
EndProject
Project("{9A19103F-16F7-4668-BE54-9A1E7A4F7556}") = "Application.IntegrationTests", "tests\Application.IntegrationTests\Application.IntegrationTests.csproj", "{03E9A6D0-8BB0-4FD9-9585-81FBA2B8B7C0}"
EndProject
Project("{9A19103F-16F7-4668-BE54-9A1E7A4F7556}") = "HackerNews.Mvc", "HackerNews.Mvc\HackerNews.Mvc.csproj", "{B9351D76-A1F4-455B-92F4-03165DF5857B}"
EndProject
Project("{9A19103F-16F7-4668-BE54-9A1E7A4F7556}") = "HackerNews.Web", "HackerNews.Web\HackerNews.Web.csproj", "{797FAC5C-91F3-44C0-97B9-C800127E4738}"
EndProject
Project("{9A19103F-16F7-4668-BE54-9A1E7A4F7556}") = "Hackernews.WPF", "Hackernews.WPF\Hackernews.WPF.csproj", "{2AD49B12-8463-4C21-963D-45C6D2800521}"
EndProject
Project("{9A19103F-16F7-4668-BE54-9A1E7A4F7556}") = "HackerNews.WPF.MessageBus", "HackerNews.WPF.MessageBus\HackerNews.WPF.MessageBus.csproj", "{4FAF0DD0-0F65-45F1-A01D-59E2F3F95FB7}"
EndProject
Project("{9A19103F-16F7-4668-BE54-9A1E7A4F7556}") = "HackerNews.WPF.Core", "HackerNews.WPF.Core\HackerNews.WPF.Core.csproj", "{9C961F7C-4125-4EA6-8590-6A51CC7FCC7C}"
EndProject
Project("{9A19103F-16F7-4668-BE54-9A1E7A4F7556}") = "HackerNews.ApiConsumer", "HackerNews.ApiConsumer\HackerNews.ApiConsumer.csproj", "{7F52B635-F8B1-4A85-A8E8-633829722306}"
EndProject
Global
	GlobalSection(SolutionConfigurationPlatforms) = preSolution
		Debug|Any CPU = Debug|Any CPU
		Release|Any CPU = Release|Any CPU
	EndGlobalSection
	GlobalSection(ProjectConfigurationPlatforms) = postSolution
		{7E311291-F63B-4019-BAD2-31179CCDB25A}.Debug|Any CPU.ActiveCfg = Debug|Any CPU
		{7E311291-F63B-4019-BAD2-31179CCDB25A}.Debug|Any CPU.Build.0 = Debug|Any CPU
		{7E311291-F63B-4019-BAD2-31179CCDB25A}.Release|Any CPU.ActiveCfg = Release|Any CPU
		{7E311291-F63B-4019-BAD2-31179CCDB25A}.Release|Any CPU.Build.0 = Release|Any CPU
		{6CA8759A-D9D2-4273-B674-D2E253F9833A}.Debug|Any CPU.ActiveCfg = Debug|Any CPU
		{6CA8759A-D9D2-4273-B674-D2E253F9833A}.Debug|Any CPU.Build.0 = Debug|Any CPU
		{6CA8759A-D9D2-4273-B674-D2E253F9833A}.Release|Any CPU.ActiveCfg = Release|Any CPU
		{6CA8759A-D9D2-4273-B674-D2E253F9833A}.Release|Any CPU.Build.0 = Release|Any CPU
		{978ADA2F-2115-43E9-B540-517EB5CA5C00}.Debug|Any CPU.ActiveCfg = Debug|Any CPU
		{978ADA2F-2115-43E9-B540-517EB5CA5C00}.Debug|Any CPU.Build.0 = Debug|Any CPU
		{978ADA2F-2115-43E9-B540-517EB5CA5C00}.Release|Any CPU.ActiveCfg = Release|Any CPU
		{978ADA2F-2115-43E9-B540-517EB5CA5C00}.Release|Any CPU.Build.0 = Release|Any CPU
		{8F41D5D3-2433-4A7A-9369-E99A50A21218}.Debug|Any CPU.ActiveCfg = Debug|Any CPU
		{8F41D5D3-2433-4A7A-9369-E99A50A21218}.Debug|Any CPU.Build.0 = Debug|Any CPU
		{8F41D5D3-2433-4A7A-9369-E99A50A21218}.Release|Any CPU.ActiveCfg = Release|Any CPU
		{8F41D5D3-2433-4A7A-9369-E99A50A21218}.Release|Any CPU.Build.0 = Release|Any CPU
		{03E9A6D0-8BB0-4FD9-9585-81FBA2B8B7C0}.Debug|Any CPU.ActiveCfg = Debug|Any CPU
		{03E9A6D0-8BB0-4FD9-9585-81FBA2B8B7C0}.Debug|Any CPU.Build.0 = Debug|Any CPU
		{03E9A6D0-8BB0-4FD9-9585-81FBA2B8B7C0}.Release|Any CPU.ActiveCfg = Release|Any CPU
		{03E9A6D0-8BB0-4FD9-9585-81FBA2B8B7C0}.Release|Any CPU.Build.0 = Release|Any CPU
		{B9351D76-A1F4-455B-92F4-03165DF5857B}.Debug|Any CPU.ActiveCfg = Debug|Any CPU
		{B9351D76-A1F4-455B-92F4-03165DF5857B}.Debug|Any CPU.Build.0 = Debug|Any CPU
		{B9351D76-A1F4-455B-92F4-03165DF5857B}.Release|Any CPU.ActiveCfg = Release|Any CPU
		{B9351D76-A1F4-455B-92F4-03165DF5857B}.Release|Any CPU.Build.0 = Release|Any CPU
		{797FAC5C-91F3-44C0-97B9-C800127E4738}.Debug|Any CPU.ActiveCfg = Debug|Any CPU
		{797FAC5C-91F3-44C0-97B9-C800127E4738}.Debug|Any CPU.Build.0 = Debug|Any CPU
		{797FAC5C-91F3-44C0-97B9-C800127E4738}.Release|Any CPU.ActiveCfg = Release|Any CPU
		{797FAC5C-91F3-44C0-97B9-C800127E4738}.Release|Any CPU.Build.0 = Release|Any CPU
		{2AD49B12-8463-4C21-963D-45C6D2800521}.Debug|Any CPU.ActiveCfg = Debug|Any CPU
		{2AD49B12-8463-4C21-963D-45C6D2800521}.Debug|Any CPU.Build.0 = Debug|Any CPU
		{2AD49B12-8463-4C21-963D-45C6D2800521}.Release|Any CPU.ActiveCfg = Release|Any CPU
		{2AD49B12-8463-4C21-963D-45C6D2800521}.Release|Any CPU.Build.0 = Release|Any CPU
		{4FAF0DD0-0F65-45F1-A01D-59E2F3F95FB7}.Debug|Any CPU.ActiveCfg = Debug|Any CPU
		{4FAF0DD0-0F65-45F1-A01D-59E2F3F95FB7}.Debug|Any CPU.Build.0 = Debug|Any CPU
		{4FAF0DD0-0F65-45F1-A01D-59E2F3F95FB7}.Release|Any CPU.ActiveCfg = Release|Any CPU
		{4FAF0DD0-0F65-45F1-A01D-59E2F3F95FB7}.Release|Any CPU.Build.0 = Release|Any CPU
		{9C961F7C-4125-4EA6-8590-6A51CC7FCC7C}.Debug|Any CPU.ActiveCfg = Debug|Any CPU
		{9C961F7C-4125-4EA6-8590-6A51CC7FCC7C}.Debug|Any CPU.Build.0 = Debug|Any CPU
		{9C961F7C-4125-4EA6-8590-6A51CC7FCC7C}.Release|Any CPU.ActiveCfg = Release|Any CPU
		{9C961F7C-4125-4EA6-8590-6A51CC7FCC7C}.Release|Any CPU.Build.0 = Release|Any CPU
		{7F52B635-F8B1-4A85-A8E8-633829722306}.Debug|Any CPU.ActiveCfg = Debug|Any CPU
		{7F52B635-F8B1-4A85-A8E8-633829722306}.Debug|Any CPU.Build.0 = Debug|Any CPU
		{7F52B635-F8B1-4A85-A8E8-633829722306}.Release|Any CPU.ActiveCfg = Release|Any CPU
		{7F52B635-F8B1-4A85-A8E8-633829722306}.Release|Any CPU.Build.0 = Release|Any CPU
	EndGlobalSection
	GlobalSection(SolutionProperties) = preSolution
		HideSolutionNode = FALSE
	EndGlobalSection
	GlobalSection(ExtensibilityGlobals) = postSolution
		SolutionGuid = {49895824-1760-4DF4-B5B5-2423FFCE9319}
	EndGlobalSection
EndGlobal
