
Microsoft Visual Studio Solution File, Format Version 12.00
# Visual Studio Version 16
VisualStudioVersion = 16.0.29609.76
MinimumVisualStudioVersion = 10.0.40219.1
Project("{9A19103F-16F7-4668-BE54-9A1E7A4F7556}") = "HackerNews.Api", "HackerNews.Api\HackerNews.Api.csproj", "{7E311291-F63B-4019-BAD2-31179CCDB25A}"
EndProject
Project("{9A19103F-16F7-4668-BE54-9A1E7A4F7556}") = "HackerNews.Domain", "HackerNews.Domain\HackerNews.Domain.csproj", "{6CA8759A-D9D2-4273-B674-D2E253F9833A}"
EndProject
Project("{9A19103F-16F7-4668-BE54-9A1E7A4F7556}") = "HackerNews.EF", "HackerNews.EF\HackerNews.EF.csproj", "{503592EE-4B9B-4D23-9032-29A1F8F5E71B}"
EndProject
Project("{9A19103F-16F7-4668-BE54-9A1E7A4F7556}") = "HackerNews.UnitTests", "HackerNews.UnitTests\HackerNews.UnitTests.csproj", "{3E26224B-D4A4-4276-BE78-24CCA4239155}"
EndProject
Project("{FAE04EC0-301F-11D3-BF4B-00C04F79EFBC}") = "HackerNews.Api.IntegrationTests", "HackerNews.Api.IntegrationTests\HackerNews.Api.IntegrationTests.csproj", "{C02AC386-947C-44D9-BC8C-CCC0168F0EBD}"
EndProject
Global
	GlobalSection(SolutionConfigurationPlatforms) = preSolution
		Debug|Any CPU = Debug|Any CPU
		Release|Any CPU = Release|Any CPU
	EndGlobalSection
	GlobalSection(ProjectConfigurationPlatforms) = postSolution
		{7E311291-F63B-4019-BAD2-31179CCDB25A}.Debug|Any CPU.ActiveCfg = Debug|Any CPU
		{7E311291-F63B-4019-BAD2-31179CCDB25A}.Debug|Any CPU.Build.0 = Debug|Any CPU
		{7E311291-F63B-4019-BAD2-31179CCDB25A}.Release|Any CPU.ActiveCfg = Release|Any CPU
		{7E311291-F63B-4019-BAD2-31179CCDB25A}.Release|Any CPU.Build.0 = Release|Any CPU
		{6CA8759A-D9D2-4273-B674-D2E253F9833A}.Debug|Any CPU.ActiveCfg = Debug|Any CPU
		{6CA8759A-D9D2-4273-B674-D2E253F9833A}.Debug|Any CPU.Build.0 = Debug|Any CPU
		{6CA8759A-D9D2-4273-B674-D2E253F9833A}.Release|Any CPU.ActiveCfg = Release|Any CPU
		{6CA8759A-D9D2-4273-B674-D2E253F9833A}.Release|Any CPU.Build.0 = Release|Any CPU
		{503592EE-4B9B-4D23-9032-29A1F8F5E71B}.Debug|Any CPU.ActiveCfg = Debug|Any CPU
		{503592EE-4B9B-4D23-9032-29A1F8F5E71B}.Debug|Any CPU.Build.0 = Debug|Any CPU
		{503592EE-4B9B-4D23-9032-29A1F8F5E71B}.Release|Any CPU.ActiveCfg = Release|Any CPU
		{503592EE-4B9B-4D23-9032-29A1F8F5E71B}.Release|Any CPU.Build.0 = Release|Any CPU
		{3E26224B-D4A4-4276-BE78-24CCA4239155}.Debug|Any CPU.ActiveCfg = Debug|Any CPU
		{3E26224B-D4A4-4276-BE78-24CCA4239155}.Debug|Any CPU.Build.0 = Debug|Any CPU
		{3E26224B-D4A4-4276-BE78-24CCA4239155}.Release|Any CPU.ActiveCfg = Release|Any CPU
		{3E26224B-D4A4-4276-BE78-24CCA4239155}.Release|Any CPU.Build.0 = Release|Any CPU
		{C02AC386-947C-44D9-BC8C-CCC0168F0EBD}.Debug|Any CPU.ActiveCfg = Debug|Any CPU
		{C02AC386-947C-44D9-BC8C-CCC0168F0EBD}.Debug|Any CPU.Build.0 = Debug|Any CPU
		{C02AC386-947C-44D9-BC8C-CCC0168F0EBD}.Release|Any CPU.ActiveCfg = Release|Any CPU
		{C02AC386-947C-44D9-BC8C-CCC0168F0EBD}.Release|Any CPU.Build.0 = Release|Any CPU
	EndGlobalSection
	GlobalSection(SolutionProperties) = preSolution
		HideSolutionNode = FALSE
	EndGlobalSection
	GlobalSection(ExtensibilityGlobals) = postSolution
		SolutionGuid = {49895824-1760-4DF4-B5B5-2423FFCE9319}
	EndGlobalSection
EndGlobal
